[[package]]
name = "numpy"
version = "1.20.1"
description = "NumPy is the fundamental package for array computing with Python."
category = "main"
optional = false
python-versions = ">=3.7"

[[package]]
name = "opencv-python"
version = "4.5.1.48"
description = "Wrapper package for OpenCV python bindings."
category = "main"
optional = false
python-versions = ">=3.6"

[package.dependencies]
numpy = ">=1.19.3"

[metadata]
lock-version = "1.1"
python-versions = "^3.8"
content-hash = "7a4d72d9e48996e5272098c51f9d04ce746f1f573c80c0287106c13e16924551"

[metadata.files]
numpy = [
    {file = "numpy-1.20.1-cp37-cp37m-macosx_10_9_x86_64.whl", hash = "sha256:ae61f02b84a0211abb56462a3b6cd1e7ec39d466d3160eb4e1da8bf6717cdbeb"},
    {file = "numpy-1.20.1-cp37-cp37m-manylinux1_i686.whl", hash = "sha256:65410c7f4398a0047eea5cca9b74009ea61178efd78d1be9847fac1d6716ec1e"},
    {file = "numpy-1.20.1-cp37-cp37m-manylinux1_x86_64.whl", hash = "sha256:2d7e27442599104ee08f4faed56bb87c55f8b10a5494ac2ead5c98a4b289e61f"},
    {file = "numpy-1.20.1-cp37-cp37m-manylinux2010_i686.whl", hash = "sha256:4ed8e96dc146e12c1c5cdd6fb9fd0757f2ba66048bf94c5126b7efebd12d0090"},
    {file = "numpy-1.20.1-cp37-cp37m-manylinux2010_x86_64.whl", hash = "sha256:ecb5b74c702358cdc21268ff4c37f7466357871f53a30e6f84c686952bef16a9"},
    {file = "numpy-1.20.1-cp37-cp37m-manylinux2014_aarch64.whl", hash = "sha256:b9410c0b6fed4a22554f072a86c361e417f0258838957b78bd063bde2c7f841f"},
    {file = "numpy-1.20.1-cp37-cp37m-win32.whl", hash = "sha256:3d3087e24e354c18fb35c454026af3ed8997cfd4997765266897c68d724e4845"},
    {file = "numpy-1.20.1-cp37-cp37m-win_amd64.whl", hash = "sha256:89f937b13b8dd17b0099c7c2e22066883c86ca1575a975f754babc8fbf8d69a9"},
    {file = "numpy-1.20.1-cp38-cp38-macosx_10_9_x86_64.whl", hash = "sha256:a1d7995d1023335e67fb070b2fae6f5968f5be3802b15ad6d79d81ecaa014fe0"},
    {file = "numpy-1.20.1-cp38-cp38-manylinux1_i686.whl", hash = "sha256:60759ab15c94dd0e1ed88241fd4fa3312db4e91d2c8f5a2d4cf3863fad83d65b"},
    {file = "numpy-1.20.1-cp38-cp38-manylinux1_x86_64.whl", hash = "sha256:125a0e10ddd99a874fd357bfa1b636cd58deb78ba4a30b5ddb09f645c3512e04"},
    {file = "numpy-1.20.1-cp38-cp38-manylinux2010_i686.whl", hash = "sha256:c26287dfc888cf1e65181f39ea75e11f42ffc4f4529e5bd19add57ad458996e2"},
    {file = "numpy-1.20.1-cp38-cp38-manylinux2010_x86_64.whl", hash = "sha256:7199109fa46277be503393be9250b983f325880766f847885607d9b13848f257"},
    {file = "numpy-1.20.1-cp38-cp38-manylinux2014_aarch64.whl", hash = "sha256:72251e43ac426ff98ea802a931922c79b8d7596480300eb9f1b1e45e0543571e"},
    {file = "numpy-1.20.1-cp38-cp38-win32.whl", hash = "sha256:c91ec9569facd4757ade0888371eced2ecf49e7982ce5634cc2cf4e7331a4b14"},
    {file = "numpy-1.20.1-cp38-cp38-win_amd64.whl", hash = "sha256:13adf545732bb23a796914fe5f891a12bd74cf3d2986eed7b7eba2941eea1590"},
    {file = "numpy-1.20.1-cp39-cp39-macosx_10_9_x86_64.whl", hash = "sha256:104f5e90b143dbf298361a99ac1af4cf59131218a045ebf4ee5990b83cff5fab"},
    {file = "numpy-1.20.1-cp39-cp39-manylinux2010_i686.whl", hash = "sha256:89e5336f2bec0c726ac7e7cdae181b325a9c0ee24e604704ed830d241c5e47ff"},
    {file = "numpy-1.20.1-cp39-cp39-manylinux2010_x86_64.whl", hash = "sha256:032be656d89bbf786d743fee11d01ef318b0781281241997558fa7950028dd29"},
    {file = "numpy-1.20.1-cp39-cp39-manylinux2014_aarch64.whl", hash = "sha256:66b467adfcf628f66ea4ac6430ded0614f5cc06ba530d09571ea404789064adc"},
    {file = "numpy-1.20.1-cp39-cp39-win32.whl", hash = "sha256:12e4ba5c6420917571f1a5becc9338abbde71dd811ce40b37ba62dec7b39af6d"},
    {file = "numpy-1.20.1-cp39-cp39-win_amd64.whl", hash = "sha256:9c94cab5054bad82a70b2e77741271790304651d584e2cdfe2041488e753863b"},
    {file = "numpy-1.20.1-pp37-pypy37_pp73-manylinux2010_x86_64.whl", hash = "sha256:9eb551d122fadca7774b97db8a112b77231dcccda8e91a5bc99e79890797175e"},
    {file = "numpy-1.20.1.zip", hash = "sha256:3bc63486a870294683980d76ec1e3efc786295ae00128f9ea38e2c6e74d5a60a"},
]
opencv-python = [
    {file = "opencv-python-4.5.1.48.tar.gz", hash = "sha256:78a6db8467639383caedf1d111da3510a4ee1a0aacf2117821cae2ee8f92ce37"},
    {file = "opencv_python-4.5.1.48-cp36-cp36m-macosx_10_13_x86_64.whl", hash = "sha256:bcb27773cfd5340b2b599b303d9f5499838ef4780c20c038f6030175408c64df"},
    {file = "opencv_python-4.5.1.48-cp36-cp36m-manylinux2014_aarch64.whl", hash = "sha256:9646875c501788b1b098f282d777b667d6da69801739504f1b2fd1268970d1da"},
    {file = "opencv_python-4.5.1.48-cp36-cp36m-manylinux2014_i686.whl", hash = "sha256:ebe83901971a6755512424c4fe9f63341cca501b7c497bf608dd38ee31ba3f4c"},
    {file = "opencv_python-4.5.1.48-cp36-cp36m-manylinux2014_x86_64.whl", hash = "sha256:d8aefcb30b71064dbbaa2b0ace161a36464c29375a83998fbda39a1d1740f942"},
    {file = "opencv_python-4.5.1.48-cp36-cp36m-win32.whl", hash = "sha256:32dee1c9fd3e31e28edef7b56f868e2b40e280b7062304f9fb8a14dbc51547d5"},
    {file = "opencv_python-4.5.1.48-cp36-cp36m-win_amd64.whl", hash = "sha256:9c77d508e6822f1f40c727d21b822d017622d8305dce7eccf0ab06caac16d5c6"},
    {file = "opencv_python-4.5.1.48-cp37-cp37m-macosx_10_13_x86_64.whl", hash = "sha256:4982fa8ccc38310a2bd93e06334ba090b12b6aff2f6fcb8ff9613e3c9bc48f48"},
    {file = "opencv_python-4.5.1.48-cp37-cp37m-manylinux2014_aarch64.whl", hash = "sha256:c0503bfaa2b7b743d6ff5d81f1dd8428dbf4c33e7e4f836456d11be20c2e7721"},
    {file = "opencv_python-4.5.1.48-cp37-cp37m-manylinux2014_i686.whl", hash = "sha256:e27d062fa1098d90f48b6c047351c89816492a08906a021c973ce510b04a7b9d"},
    {file = "opencv_python-4.5.1.48-cp37-cp37m-manylinux2014_x86_64.whl", hash = "sha256:6d8434a45e8f75c4da5fd0068ce001f4f8e35771cc851d746d4721eeaf517e25"},
    {file = "opencv_python-4.5.1.48-cp37-cp37m-win32.whl", hash = "sha256:e2c17714da59d9d516ceef0450766ff9557ee232d62f702665af905193557582"},
    {file = "opencv_python-4.5.1.48-cp37-cp37m-win_amd64.whl", hash = "sha256:efac9893d9e21cfb599828801c755ecde8f1e657f05ec6f002efe19422456d5a"},
    {file = "opencv_python-4.5.1.48-cp38-cp38-macosx_10_13_x86_64.whl", hash = "sha256:e77d0feaff37326f62b127098264e2a7099deb476e38432b1083ce11cdedf560"},
    {file = "opencv_python-4.5.1.48-cp38-cp38-manylinux2014_aarch64.whl", hash = "sha256:ffc75c614b8dc3d8102f3ba15dafd6ec0400c7ffa71a91953d41511964ee50e0"},
    {file = "opencv_python-4.5.1.48-cp38-cp38-manylinux2014_i686.whl", hash = "sha256:c1159d91f29a85c3333edef6ca420284566d9bcdae46dda2fe7282515b48c8b6"},
    {file = "opencv_python-4.5.1.48-cp38-cp38-manylinux2014_x86_64.whl", hash = "sha256:d16144c435b816c5536d5ff012c1a2b7e93155017db7103942ff7efb98c4df1f"},
    {file = "opencv_python-4.5.1.48-cp38-cp38-win32.whl", hash = "sha256:b2b9ac86aec5f2dd531545cebdea1a1ef4f81ef1fb1760d78b4725f9575504f9"},
    {file = "opencv_python-4.5.1.48-cp38-cp38-win_amd64.whl", hash = "sha256:30edebc81b260bcfeb760b3600c367c5261dfb2fe41e5d1408d5357d0867b40d"},
    {file = "opencv_python-4.5.1.48-cp39-cp39-macosx_10_13_x86_64.whl", hash = "sha256:e38fbd7b2db03204ec09930609b7313d6b6d2b271c8fe2c0aa271fa69b726a1b"},
    {file = "opencv_python-4.5.1.48-cp39-cp39-manylinux2014_aarch64.whl", hash = "sha256:fc1472b825d26c8a4f1cfb172a90c3cc47733e4af7522276c1c2efe8f6006a8b"},
    {file = "opencv_python-4.5.1.48-cp39-cp39-manylinux2014_i686.whl", hash = "sha256:c4ea4f8b217f3e8be6247fc0787fb81797d85202c722523f41070124a7a621c7"},
    {file = "opencv_python-4.5.1.48-cp39-cp39-manylinux2014_x86_64.whl", hash = "sha256:a1dfa0486db367594510c0c799ec7481247dc86e651b69008806d875ab731471"},
    {file = "opencv_python-4.5.1.48-cp39-cp39-win32.whl", hash = "sha256:5172cb37dfd8a0b4945b071a493eb36e5f17675a160637fa380f9c1d9d80535c"},
    {file = "opencv_python-4.5.1.48-cp39-cp39-win_amd64.whl", hash = "sha256:c8cc1f5ff3c352ebe756119014c4e4ec7ae5ac536d1f66b0316667ced37637c8"},
]
